{
  "name": "MyBlazor",
  "lockfileVersion": 2,
  "requires": true,
  "packages": {
    "": {
      "dependencies": {
        "bootstrap-icons": "^1.4.0",
        "materialize-css": "^1.0.0-rc.2"
      }
    },
    "node_modules/bootstrap-icons": {
      "version": "1.4.0",
      "resolved": "https://registry.npmjs.org/bootstrap-icons/-/bootstrap-icons-1.4.0.tgz",
      "integrity": "sha512-EynaOv/G/X/sQgPUqkdLJoxPrWk73wwsVjVR3cDNYO0jMS58poq7DOC2CraBWlBt1AberEmt0blfw4ony2/ZIg==",
      "engines": {
        "node": ">=10"
      }
    },
    "node_modules/materialize-css": {
      "version": "1.0.0-rc.2",
      "resolved": "https://registry.npmjs.org/materialize-css/-/materialize-css-1.0.0-rc.2.tgz",
      "integrity": "sha512-FuQmSyq4Qv0ov7A2qXw0E6/jbQzSWx2P1pg2/XQDYTkkSc/GyiFAxu3fw9zgShwuTvyumEiw5jkxQWT9siqMBQ=="
    }
  },
  "dependencies": {
    "bootstrap-icons": {
      "version": "1.4.0",
      "resolved": "https://registry.npmjs.org/bootstrap-icons/-/bootstrap-icons-1.4.0.tgz",
      "integrity": "sha512-EynaOv/G/X/sQgPUqkdLJoxPrWk73wwsVjVR3cDNYO0jMS58poq7DOC2CraBWlBt1AberEmt0blfw4ony2/ZIg=="
    },
    "materialize-css": {
      "version": "1.0.0-rc.2",
      "resolved": "https://registry.npmjs.org/materialize-css/-/materialize-css-1.0.0-rc.2.tgz",
      "integrity": "sha512-FuQmSyq4Qv0ov7A2qXw0E6/jbQzSWx2P1pg2/XQDYTkkSc/GyiFAxu3fw9zgShwuTvyumEiw5jkxQWT9siqMBQ=="
    }
  }
}
